{
  "name": "owclient",
  "version": "1.0.0",
  "lockfileVersion": 1,
  "requires": true,
  "dependencies": {
    "base64-js": {
      "version": "1.3.0",
      "resolved": "https://registry.npmjs.org/base64-js/-/base64-js-1.3.0.tgz",
      "integrity": "sha512-ccav/yGvoa80BQDljCxsmmQ3Xvx60/UpBIij5QN21W3wBi/hhIC9OoO+KLpu9IJTS9j4DRVJ3aDDF9cMSoa2lw=="
    },
    "commander": {
      "version": "2.1.0",
      "resolved": "https://registry.npmjs.org/commander/-/commander-2.1.0.tgz",
      "integrity": "sha1-0SG7roYNmZKj1Re6lvVliOR8Z4E="
    },
    "debug": {
      "version": "2.6.9",
      "resolved": "https://registry.npmjs.org/debug/-/debug-2.6.9.tgz",
      "integrity": "sha512-bC7ElrdJaJnPbAP+1EotYvqZsb3ecl5wi6Bfi6BJTUcNowp6cvspg0jXznRTKDjm/E7AdgFBVeAPVMNcKGsHMA==",
      "requires": {
        "ms": "2.0.0"
      }
    },
    "iconv-lite": {
      "version": "0.4.24",
      "resolved": "https://registry.npmjs.org/iconv-lite/-/iconv-lite-0.4.24.tgz",
      "integrity": "sha512-v3MXnZAcvnywkTUEZomIActle7RXXeedOR31wwl7VlyoXO4Qi9arvSenNQWne1TcRwhCL1HwLI21bEqdpj8/rA==",
      "requires": {
        "safer-buffer": ">= 2.1.2 < 3"
      }
    },
    "is-promise": {
      "version": "2.1.0",
      "resolved": "https://registry.npmjs.org/is-promise/-/is-promise-2.1.0.tgz",
      "integrity": "sha1-eaKp7OfwlugPNtKy87wWwf9L8/o="
    },
    "ms": {
      "version": "2.0.0",
      "resolved": "https://registry.npmjs.org/ms/-/ms-2.0.0.tgz",
      "integrity": "sha1-VgiurfwAvmwpAd9fmGF4jeDVl8g="
    },
    "nan": {
      "version": "1.0.0",
      "resolved": "https://registry.npmjs.org/nan/-/nan-1.0.0.tgz",
      "integrity": "sha1-riT4hQgY1mL8q1rPfzuVv6oszzg="
    },
    "needle": {
      "version": "2.2.4",
      "resolved": "https://registry.npmjs.org/needle/-/needle-2.2.4.tgz",
      "integrity": "sha512-HyoqEb4wr/rsoaIDfTH2aVL9nWtQqba2/HvMv+++m8u0dz808MaagKILxtfeSN7QU7nvbQ79zk3vYOJp9zsNEA==",
      "requires": {
        "debug": "^2.1.2",
        "iconv-lite": "^0.4.4",
        "sax": "^1.2.4"
      }
    },
    "network-address": {
      "version": "1.1.2",
      "resolved": "https://registry.npmjs.org/network-address/-/network-address-1.1.2.tgz",
      "integrity": "sha1-Sqe/1D8D8LgclwKxPWqFjdsybz4="
    },
    "node-fetch": {
      "version": "2.3.0",
      "resolved": "https://registry.npmjs.org/node-fetch/-/node-fetch-2.3.0.tgz",
      "integrity": "sha512-MOd8pV3fxENbryESLgVIeaGKrdl+uaYhCSSVkjeOb/31/njTpcis5aWfdqgNlHIrKOLRbMnfPINPOML2CIFeXA=="
    },
    "node-int64": {
      "version": "0.3.3",
      "resolved": "https://registry.npmjs.org/node-int64/-/node-int64-0.3.3.tgz",
      "integrity": "sha1-LW5rLs5d6FiLQ9iNG8QbJs0fqE0="
    },
    "openwhisk": {
      "version": "3.18.0",
      "resolved": "https://registry.npmjs.org/openwhisk/-/openwhisk-3.18.0.tgz",
      "integrity": "sha512-I+rbrL302xPJJhtUZMipXZXe0nik4D6nmr4hSIjHEgGMiSx+tjoIahOVlanASBhe4Er3K9WKFl3uC1tNRL9o9w==",
      "requires": {
        "needle": "^2.1.0"
      }
    },
    "options": {
      "version": "0.0.6",
      "resolved": "https://registry.npmjs.org/options/-/options-0.0.6.tgz",
      "integrity": "sha1-7CLTEoBrtT5zF3Pnza788cZDEo8="
    },
    "q": {
      "version": "1.0.1",
      "resolved": "https://registry.npmjs.org/q/-/q-1.0.1.tgz",
      "integrity": "sha1-EYcq7t7okmgRCxCnGESP+xARKhQ="
    },
    "safer-buffer": {
      "version": "2.1.2",
      "resolved": "https://registry.npmjs.org/safer-buffer/-/safer-buffer-2.1.2.tgz",
      "integrity": "sha512-YZo3K82SD7Riyi0E1EQPojLz7kpepnSQI9IyPbHHg1XXXevb5dJI7tpyN2ADxGcQbHG7vcyRHk0cbwqcQriUtg=="
    },
    "sax": {
      "version": "1.2.4",
      "resolved": "https://registry.npmjs.org/sax/-/sax-1.2.4.tgz",
      "integrity": "sha512-NqVDv9TpANUjFm0N8uM5GxL36UgKi9/atZw+x7YFnQ8ckwFGKrl4xX4yWtrey3UJm5nP1kUbnYgLopqWNSRhWw=="
    },
    "thrift": {
      "version": "0.9.3",
      "resolved": "https://registry.npmjs.org/thrift/-/thrift-0.9.3.tgz",
      "integrity": "sha1-mQITNkA9QuCLjvrbHDegbXmYsqY=",
      "requires": {
        "node-int64": "~0.3.0",
        "q": "1.0.x",
        "ws": "~0.4.32"
      }
    },
    "tinycolor": {
      "version": "0.0.1",
      "resolved": "https://registry.npmjs.org/tinycolor/-/tinycolor-0.0.1.tgz",
      "integrity": "sha1-MgtaUtg6u1l42Bo+iH1K77FaYWQ="
    },
    "ws": {
      "version": "0.4.32",
      "resolved": "https://registry.npmjs.org/ws/-/ws-0.4.32.tgz",
      "integrity": "sha1-eHphVEFPPJntg8V3IVOyD+sM7DI=",
      "requires": {
        "commander": "~2.1.0",
        "nan": "~1.0.0",
        "options": ">=0.0.5",
        "tinycolor": "0.x"
      }
    },
    "zipkin": {
      "version": "0.16.0",
      "resolved": "https://registry.npmjs.org/zipkin/-/zipkin-0.16.0.tgz",
      "integrity": "sha512-/WhDWzCjOxR+dbvQwZY0LanNt6+2Fwm72nZenm7Bz/EVV1OBs222wJ/clmKtPWzkmeECakoYB35WSNAuBnGxFQ==",
      "requires": {
        "base64-js": "^1.1.2",
        "is-promise": "^2.1.0"
      }
    },
    "zipkin-instrumentation-openwhisk": {
      "version": "0.2.1",
      "resolved": "https://registry.npmjs.org/zipkin-instrumentation-openwhisk/-/zipkin-instrumentation-openwhisk-0.2.1.tgz",
      "integrity": "sha1-DzedFmFMinzRiaoLBrkXxK/4O2M=",
      "requires": {
        "zipkin": "^0.5.1"
      },
      "dependencies": {
        "zipkin": {
          "version": "0.5.1",
          "resolved": "https://registry.npmjs.org/zipkin/-/zipkin-0.5.1.tgz",
          "integrity": "sha1-7DvouQRZkHjgB7m5SDivOKoUPsc=",
          "requires": {
            "base64-js": "^1.1.2",
            "network-address": "^1.1.0",
            "thrift": "^0.9.3"
          }
        }
      }
    },
    "zipkin-transport-http": {
      "version": "0.16.0",
      "resolved": "https://registry.npmjs.org/zipkin-transport-http/-/zipkin-transport-http-0.16.0.tgz",
      "integrity": "sha512-RbspapRrfG9H7YCU9lB2UJJIe2dfJkAC6+ShPc8+qLTnXG/V9ObIY7r+QsUZmvIwH7IRZ4jki/rnoB6Q6dbfTA==",
      "requires": {
        "node-fetch": "^2.3.0"
      }
    }
  }
}
